
Microsoft Visual Studio Solution File, Format Version 12.00
# Visual Studio Version 17
VisualStudioVersion = 17.10.34928.147
MinimumVisualStudioVersion = 10.0.40219.1
Project("{2150E333-8FDC-42A3-9474-1A3956D46DE8}") = "Services", "Services", "{9198C3F9-9D3D-4867-B4F4-F91DC35CFB64}"
EndProject
Project("{2150E333-8FDC-42A3-9474-1A3956D46DE8}") = "Organization", "Organization", "{81DC4346-2158-4C56-A87B-44518CAC8D24}"
EndProject
Project("{9A19103F-16F7-4668-BE54-9A1E7A4F7556}") = "Organization.Application", "Services\Organization\Organization.Application\Organization.Application.csproj", "{572309EA-3B10-4CEE-A535-8E893914F4DE}"
EndProject
Project("{9A19103F-16F7-4668-BE54-9A1E7A4F7556}") = "Organization.Domain", "Services\Organization\Organization.Domain\Organization.Domain.csproj", "{6D2BFC78-C1C0-4DBA-AA99-F3A398D16DC3}"
EndProject
Project("{9A19103F-16F7-4668-BE54-9A1E7A4F7556}") = "Organization.Infrastructure", "Services\Organization\Organization.Infrastructure\Organization.Infrastructure.csproj", "{14AC0696-A395-48A9-A3EB-325D9F10E8DF}"
EndProject
Project("{9A19103F-16F7-4668-BE54-9A1E7A4F7556}") = "Organization.WebAPI", "Services\Organization\Organization.WebAPI\Organization.WebAPI.csproj", "{521920A9-53CE-4190-B2D2-8B2F7D052F5C}"
EndProject
Project("{2150E333-8FDC-42A3-9474-1A3956D46DE8}") = "IdentityServer", "IdentityServer", "{4D79167A-A9ED-4B04-B548-015E39B8BB7B}"
EndProject
Project("{2150E333-8FDC-42A3-9474-1A3956D46DE8}") = "Shared", "Shared", "{4281FFD5-A414-441C-9255-0A5637CCADAF}"
EndProject
Project("{2150E333-8FDC-42A3-9474-1A3956D46DE8}") = "src", "src", "{26798917-9382-4DD1-B8E4-AF546C9CBF0C}"
EndProject
Project("{2150E333-8FDC-42A3-9474-1A3956D46DE8}") = "ApiGateways", "ApiGateways", "{9351A812-7ACD-4C21-89C4-7880EDB37787}"
EndProject
Project("{2150E333-8FDC-42A3-9474-1A3956D46DE8}") = "WebApiGateway", "WebApiGateway", "{2E7C7FBA-C1AB-42C4-A535-269F7E38589D}"
EndProject
Project("{FAE04EC0-301F-11D3-BF4B-00C04F79EFBC}") = "Web.ApiGateway", "src\ApiGateways\WebApiGateway\Web.ApiGateway\Web.ApiGateway.csproj", "{70CE9D0F-0677-466B-B495-305785524B61}"
EndProject
Project("{2150E333-8FDC-42A3-9474-1A3956D46DE8}") = "BuildingBlocks", "BuildingBlocks", "{1FFEDDCF-1C8C-480A-B1F9-390815ECDBD2}"
EndProject
Project("{2150E333-8FDC-42A3-9474-1A3956D46DE8}") = "EventBus", "EventBus", "{55EEF171-319D-4204-8F27-CFEB6628CB20}"
EndProject
Project("{FAE04EC0-301F-11D3-BF4B-00C04F79EFBC}") = "EventBus.Base", "src\BuildingBlocks\EventBus\EventBus.Base\EventBus.Base.csproj", "{729EBDFB-899A-43FB-B2F6-588E9C8EF8BC}"
EndProject
Project("{FAE04EC0-301F-11D3-BF4B-00C04F79EFBC}") = "EventBus.Factory", "src\BuildingBlocks\EventBus\EventBus.Factory\EventBus.Factory.csproj", "{527EA038-7FC8-4034-A667-9055768B17DE}"
EndProject
Project("{FAE04EC0-301F-11D3-BF4B-00C04F79EFBC}") = "EventBus.RabbitMQ", "src\BuildingBlocks\EventBus\EventBus.RabbitMQ\EventBus.RabbitMQ.csproj", "{A523AA93-EFC8-4460-8297-156B56F3C320}"
EndProject
Project("{FAE04EC0-301F-11D3-BF4B-00C04F79EFBC}") = "EventBus.AzureServiceBus", "src\BuildingBlocks\EventBus\EventBus.AzureServiceBus\EventBus.AzureServiceBus.csproj", "{0199AA08-0E7F-484A-BD28-DC3729287C97}"
EndProject
Project("{2150E333-8FDC-42A3-9474-1A3956D46DE8}") = "Order", "Order", "{9208B8BE-CA14-44E4-BDAD-519483C3FF84}"
EndProject
Project("{FAE04EC0-301F-11D3-BF4B-00C04F79EFBC}") = "Order.Domain", "Services\Order\Order.Domain\Order.Domain.csproj", "{E62AE5E6-D606-41DD-9119-D47D20256517}"
EndProject
Project("{FAE04EC0-301F-11D3-BF4B-00C04F79EFBC}") = "Order.Infrastructure", "Services\Order\Order.Infrastructure\Order.Infrastructure.csproj", "{5538479D-5CB4-41A6-BDC4-6D530102E98F}"
EndProject
Project("{FAE04EC0-301F-11D3-BF4B-00C04F79EFBC}") = "Order.Application", "Services\Order\Order.Application\Order.Application.csproj", "{DF739CB0-F096-49D9-8756-CDA5D816B04B}"
EndProject
Project("{FAE04EC0-301F-11D3-BF4B-00C04F79EFBC}") = "Order.WebAPI", "Services\Order\Order.WebAPI\Order.WebAPI.csproj", "{11B4E8FC-1C13-4879-BFC8-5AB47430D88E}"
EndProject
Project("{FAE04EC0-301F-11D3-BF4B-00C04F79EFBC}") = "Shared", "src\Shared\Shared\Shared.csproj", "{83EC9844-8660-4C49-AF86-A1AFE62F5325}"
EndProject
Project("{FAE04EC0-301F-11D3-BF4B-00C04F79EFBC}") = "Shared.Events", "src\Shared\Shared.Events\Shared.Events.csproj", "{02D0FAD5-5F0B-4C28-8462-05C4CB82FEC8}"
EndProject
Project("{FAE04EC0-301F-11D3-BF4B-00C04F79EFBC}") = "IdentityServer", "Services\IdentityServer\IdentityServer.csproj", "{1746A1D4-456F-4152-9611-DBED5489610A}"
EndProject
Project("{E53339B2-1760-4266-BCC7-CA923CBCF16C}") = "docker-compose", "docker-compose.dcproj", "{A2112D1C-614D-448F-B4F8-5CFFDA07C9A9}"
EndProject
Global
	GlobalSection(SolutionConfigurationPlatforms) = preSolution
		Debug|Any CPU = Debug|Any CPU
		Release|Any CPU = Release|Any CPU
	EndGlobalSection
	GlobalSection(ProjectConfigurationPlatforms) = postSolution
		{572309EA-3B10-4CEE-A535-8E893914F4DE}.Debug|Any CPU.ActiveCfg = Debug|Any CPU
		{572309EA-3B10-4CEE-A535-8E893914F4DE}.Debug|Any CPU.Build.0 = Debug|Any CPU
		{572309EA-3B10-4CEE-A535-8E893914F4DE}.Release|Any CPU.ActiveCfg = Release|Any CPU
		{572309EA-3B10-4CEE-A535-8E893914F4DE}.Release|Any CPU.Build.0 = Release|Any CPU
		{6D2BFC78-C1C0-4DBA-AA99-F3A398D16DC3}.Debug|Any CPU.ActiveCfg = Debug|Any CPU
		{6D2BFC78-C1C0-4DBA-AA99-F3A398D16DC3}.Debug|Any CPU.Build.0 = Debug|Any CPU
		{6D2BFC78-C1C0-4DBA-AA99-F3A398D16DC3}.Release|Any CPU.ActiveCfg = Release|Any CPU
		{6D2BFC78-C1C0-4DBA-AA99-F3A398D16DC3}.Release|Any CPU.Build.0 = Release|Any CPU
		{14AC0696-A395-48A9-A3EB-325D9F10E8DF}.Debug|Any CPU.ActiveCfg = Debug|Any CPU
		{14AC0696-A395-48A9-A3EB-325D9F10E8DF}.Debug|Any CPU.Build.0 = Debug|Any CPU
		{14AC0696-A395-48A9-A3EB-325D9F10E8DF}.Release|Any CPU.ActiveCfg = Release|Any CPU
		{14AC0696-A395-48A9-A3EB-325D9F10E8DF}.Release|Any CPU.Build.0 = Release|Any CPU
		{521920A9-53CE-4190-B2D2-8B2F7D052F5C}.Debug|Any CPU.ActiveCfg = Debug|Any CPU
		{521920A9-53CE-4190-B2D2-8B2F7D052F5C}.Debug|Any CPU.Build.0 = Debug|Any CPU
		{521920A9-53CE-4190-B2D2-8B2F7D052F5C}.Release|Any CPU.ActiveCfg = Release|Any CPU
		{521920A9-53CE-4190-B2D2-8B2F7D052F5C}.Release|Any CPU.Build.0 = Release|Any CPU
		{70CE9D0F-0677-466B-B495-305785524B61}.Debug|Any CPU.ActiveCfg = Debug|Any CPU
		{70CE9D0F-0677-466B-B495-305785524B61}.Debug|Any CPU.Build.0 = Debug|Any CPU
		{70CE9D0F-0677-466B-B495-305785524B61}.Release|Any CPU.ActiveCfg = Release|Any CPU
		{70CE9D0F-0677-466B-B495-305785524B61}.Release|Any CPU.Build.0 = Release|Any CPU
		{729EBDFB-899A-43FB-B2F6-588E9C8EF8BC}.Debug|Any CPU.ActiveCfg = Debug|Any CPU
		{729EBDFB-899A-43FB-B2F6-588E9C8EF8BC}.Debug|Any CPU.Build.0 = Debug|Any CPU
		{729EBDFB-899A-43FB-B2F6-588E9C8EF8BC}.Release|Any CPU.ActiveCfg = Release|Any CPU
		{729EBDFB-899A-43FB-B2F6-588E9C8EF8BC}.Release|Any CPU.Build.0 = Release|Any CPU
		{527EA038-7FC8-4034-A667-9055768B17DE}.Debug|Any CPU.ActiveCfg = Debug|Any CPU
		{527EA038-7FC8-4034-A667-9055768B17DE}.Debug|Any CPU.Build.0 = Debug|Any CPU
		{527EA038-7FC8-4034-A667-9055768B17DE}.Release|Any CPU.ActiveCfg = Release|Any CPU
		{527EA038-7FC8-4034-A667-9055768B17DE}.Release|Any CPU.Build.0 = Release|Any CPU
		{A523AA93-EFC8-4460-8297-156B56F3C320}.Debug|Any CPU.ActiveCfg = Debug|Any CPU
		{A523AA93-EFC8-4460-8297-156B56F3C320}.Debug|Any CPU.Build.0 = Debug|Any CPU
		{A523AA93-EFC8-4460-8297-156B56F3C320}.Release|Any CPU.ActiveCfg = Release|Any CPU
		{A523AA93-EFC8-4460-8297-156B56F3C320}.Release|Any CPU.Build.0 = Release|Any CPU
		{0199AA08-0E7F-484A-BD28-DC3729287C97}.Debug|Any CPU.ActiveCfg = Debug|Any CPU
		{0199AA08-0E7F-484A-BD28-DC3729287C97}.Debug|Any CPU.Build.0 = Debug|Any CPU
		{0199AA08-0E7F-484A-BD28-DC3729287C97}.Release|Any CPU.ActiveCfg = Release|Any CPU
		{0199AA08-0E7F-484A-BD28-DC3729287C97}.Release|Any CPU.Build.0 = Release|Any CPU
		{E62AE5E6-D606-41DD-9119-D47D20256517}.Debug|Any CPU.ActiveCfg = Debug|Any CPU
		{E62AE5E6-D606-41DD-9119-D47D20256517}.Debug|Any CPU.Build.0 = Debug|Any CPU
		{E62AE5E6-D606-41DD-9119-D47D20256517}.Release|Any CPU.ActiveCfg = Release|Any CPU
		{E62AE5E6-D606-41DD-9119-D47D20256517}.Release|Any CPU.Build.0 = Release|Any CPU
		{5538479D-5CB4-41A6-BDC4-6D530102E98F}.Debug|Any CPU.ActiveCfg = Debug|Any CPU
		{5538479D-5CB4-41A6-BDC4-6D530102E98F}.Debug|Any CPU.Build.0 = Debug|Any CPU
		{5538479D-5CB4-41A6-BDC4-6D530102E98F}.Release|Any CPU.ActiveCfg = Release|Any CPU
		{5538479D-5CB4-41A6-BDC4-6D530102E98F}.Release|Any CPU.Build.0 = Release|Any CPU
		{DF739CB0-F096-49D9-8756-CDA5D816B04B}.Debug|Any CPU.ActiveCfg = Debug|Any CPU
		{DF739CB0-F096-49D9-8756-CDA5D816B04B}.Debug|Any CPU.Build.0 = Debug|Any CPU
		{DF739CB0-F096-49D9-8756-CDA5D816B04B}.Release|Any CPU.ActiveCfg = Release|Any CPU
		{DF739CB0-F096-49D9-8756-CDA5D816B04B}.Release|Any CPU.Build.0 = Release|Any CPU
		{11B4E8FC-1C13-4879-BFC8-5AB47430D88E}.Debug|Any CPU.ActiveCfg = Debug|Any CPU
		{11B4E8FC-1C13-4879-BFC8-5AB47430D88E}.Debug|Any CPU.Build.0 = Debug|Any CPU
		{11B4E8FC-1C13-4879-BFC8-5AB47430D88E}.Release|Any CPU.ActiveCfg = Release|Any CPU
		{11B4E8FC-1C13-4879-BFC8-5AB47430D88E}.Release|Any CPU.Build.0 = Release|Any CPU
		{83EC9844-8660-4C49-AF86-A1AFE62F5325}.Debug|Any CPU.ActiveCfg = Debug|Any CPU
		{83EC9844-8660-4C49-AF86-A1AFE62F5325}.Debug|Any CPU.Build.0 = Debug|Any CPU
		{83EC9844-8660-4C49-AF86-A1AFE62F5325}.Release|Any CPU.ActiveCfg = Release|Any CPU
		{83EC9844-8660-4C49-AF86-A1AFE62F5325}.Release|Any CPU.Build.0 = Release|Any CPU
		{02D0FAD5-5F0B-4C28-8462-05C4CB82FEC8}.Debug|Any CPU.ActiveCfg = Debug|Any CPU
		{02D0FAD5-5F0B-4C28-8462-05C4CB82FEC8}.Debug|Any CPU.Build.0 = Debug|Any CPU
		{02D0FAD5-5F0B-4C28-8462-05C4CB82FEC8}.Release|Any CPU.ActiveCfg = Release|Any CPU
		{02D0FAD5-5F0B-4C28-8462-05C4CB82FEC8}.Release|Any CPU.Build.0 = Release|Any CPU
		{1746A1D4-456F-4152-9611-DBED5489610A}.Debug|Any CPU.ActiveCfg = Debug|Any CPU
		{1746A1D4-456F-4152-9611-DBED5489610A}.Debug|Any CPU.Build.0 = Debug|Any CPU
		{1746A1D4-456F-4152-9611-DBED5489610A}.Release|Any CPU.ActiveCfg = Release|Any CPU
		{1746A1D4-456F-4152-9611-DBED5489610A}.Release|Any CPU.Build.0 = Release|Any CPU
		{A2112D1C-614D-448F-B4F8-5CFFDA07C9A9}.Debug|Any CPU.ActiveCfg = Debug|Any CPU
		{A2112D1C-614D-448F-B4F8-5CFFDA07C9A9}.Debug|Any CPU.Build.0 = Debug|Any CPU
		{A2112D1C-614D-448F-B4F8-5CFFDA07C9A9}.Release|Any CPU.ActiveCfg = Release|Any CPU
		{A2112D1C-614D-448F-B4F8-5CFFDA07C9A9}.Release|Any CPU.Build.0 = Release|Any CPU
	EndGlobalSection
	GlobalSection(SolutionProperties) = preSolution
		HideSolutionNode = FALSE
	EndGlobalSection
	GlobalSection(NestedProjects) = preSolution
		{81DC4346-2158-4C56-A87B-44518CAC8D24} = {9198C3F9-9D3D-4867-B4F4-F91DC35CFB64}
		{572309EA-3B10-4CEE-A535-8E893914F4DE} = {81DC4346-2158-4C56-A87B-44518CAC8D24}
		{6D2BFC78-C1C0-4DBA-AA99-F3A398D16DC3} = {81DC4346-2158-4C56-A87B-44518CAC8D24}
		{14AC0696-A395-48A9-A3EB-325D9F10E8DF} = {81DC4346-2158-4C56-A87B-44518CAC8D24}
		{521920A9-53CE-4190-B2D2-8B2F7D052F5C} = {81DC4346-2158-4C56-A87B-44518CAC8D24}
		{4D79167A-A9ED-4B04-B548-015E39B8BB7B} = {9198C3F9-9D3D-4867-B4F4-F91DC35CFB64}
		{4281FFD5-A414-441C-9255-0A5637CCADAF} = {26798917-9382-4DD1-B8E4-AF546C9CBF0C}
		{9351A812-7ACD-4C21-89C4-7880EDB37787} = {26798917-9382-4DD1-B8E4-AF546C9CBF0C}
		{2E7C7FBA-C1AB-42C4-A535-269F7E38589D} = {9351A812-7ACD-4C21-89C4-7880EDB37787}
		{70CE9D0F-0677-466B-B495-305785524B61} = {2E7C7FBA-C1AB-42C4-A535-269F7E38589D}
		{1FFEDDCF-1C8C-480A-B1F9-390815ECDBD2} = {26798917-9382-4DD1-B8E4-AF546C9CBF0C}
		{55EEF171-319D-4204-8F27-CFEB6628CB20} = {1FFEDDCF-1C8C-480A-B1F9-390815ECDBD2}
		{729EBDFB-899A-43FB-B2F6-588E9C8EF8BC} = {55EEF171-319D-4204-8F27-CFEB6628CB20}
		{527EA038-7FC8-4034-A667-9055768B17DE} = {55EEF171-319D-4204-8F27-CFEB6628CB20}
		{A523AA93-EFC8-4460-8297-156B56F3C320} = {55EEF171-319D-4204-8F27-CFEB6628CB20}
		{0199AA08-0E7F-484A-BD28-DC3729287C97} = {55EEF171-319D-4204-8F27-CFEB6628CB20}
		{9208B8BE-CA14-44E4-BDAD-519483C3FF84} = {9198C3F9-9D3D-4867-B4F4-F91DC35CFB64}
		{E62AE5E6-D606-41DD-9119-D47D20256517} = {9208B8BE-CA14-44E4-BDAD-519483C3FF84}
		{5538479D-5CB4-41A6-BDC4-6D530102E98F} = {9208B8BE-CA14-44E4-BDAD-519483C3FF84}
		{DF739CB0-F096-49D9-8756-CDA5D816B04B} = {9208B8BE-CA14-44E4-BDAD-519483C3FF84}
		{11B4E8FC-1C13-4879-BFC8-5AB47430D88E} = {9208B8BE-CA14-44E4-BDAD-519483C3FF84}
		{83EC9844-8660-4C49-AF86-A1AFE62F5325} = {4281FFD5-A414-441C-9255-0A5637CCADAF}
		{02D0FAD5-5F0B-4C28-8462-05C4CB82FEC8} = {4281FFD5-A414-441C-9255-0A5637CCADAF}
		{1746A1D4-456F-4152-9611-DBED5489610A} = {4D79167A-A9ED-4B04-B548-015E39B8BB7B}
	EndGlobalSection
	GlobalSection(ExtensibilityGlobals) = postSolution
		SolutionGuid = {97FB00DF-859C-436F-A539-AE21EF6A0D7E}
	EndGlobalSection
EndGlobal
