
Microsoft Visual Studio Solution File, Format Version 12.00
# Visual Studio Version 17
VisualStudioVersion = 17.10.34928.147
MinimumVisualStudioVersion = 10.0.40219.1
Project("{2150E333-8FDC-42A3-9474-1A3956D46DE8}") = "Services", "Services", "{9198C3F9-9D3D-4867-B4F4-F91DC35CFB64}"
EndProject
Project("{2150E333-8FDC-42A3-9474-1A3956D46DE8}") = "Organization", "Organization", "{81DC4346-2158-4C56-A87B-44518CAC8D24}"
EndProject
Project("{9A19103F-16F7-4668-BE54-9A1E7A4F7556}") = "Organization.Application", "Services\Organization\Organization.Application\Organization.Application.csproj", "{572309EA-3B10-4CEE-A535-8E893914F4DE}"
EndProject
Project("{9A19103F-16F7-4668-BE54-9A1E7A4F7556}") = "Organization.Domain", "Services\Organization\Organization.Domain\Organization.Domain.csproj", "{6D2BFC78-C1C0-4DBA-AA99-F3A398D16DC3}"
EndProject
Project("{9A19103F-16F7-4668-BE54-9A1E7A4F7556}") = "Organization.Infrastructure", "Services\Organization\Organization.Infrastructure\Organization.Infrastructure.csproj", "{14AC0696-A395-48A9-A3EB-325D9F10E8DF}"
EndProject
Project("{9A19103F-16F7-4668-BE54-9A1E7A4F7556}") = "Organization.WebAPI", "Services\Organization\Organization.WebAPI\Organization.WebAPI.csproj", "{521920A9-53CE-4190-B2D2-8B2F7D052F5C}"
EndProject
Project("{2150E333-8FDC-42A3-9474-1A3956D46DE8}") = "IdentityServer", "IdentityServer", "{4D79167A-A9ED-4B04-B548-015E39B8BB7B}"
EndProject
Project("{FAE04EC0-301F-11D3-BF4B-00C04F79EFBC}") = "IdentityServer", "IdentityServer\IdentityServer.csproj", "{D7A3915B-2C90-47F7-8F11-2C10EE848DAE}"
EndProject
Project("{2150E333-8FDC-42A3-9474-1A3956D46DE8}") = "Shared", "Shared", "{4281FFD5-A414-441C-9255-0A5637CCADAF}"
EndProject
Project("{FAE04EC0-301F-11D3-BF4B-00C04F79EFBC}") = "Shared", "Shared\Shared\Shared.csproj", "{36F00AC5-2F60-4A22-AAB6-6780F787CDCF}"
EndProject
Project("{2150E333-8FDC-42A3-9474-1A3956D46DE8}") = "src", "src", "{26798917-9382-4DD1-B8E4-AF546C9CBF0C}"
EndProject
Project("{2150E333-8FDC-42A3-9474-1A3956D46DE8}") = "ApiGateways", "ApiGateways", "{9351A812-7ACD-4C21-89C4-7880EDB37787}"
EndProject
Project("{2150E333-8FDC-42A3-9474-1A3956D46DE8}") = "WebApiGateway", "WebApiGateway", "{2E7C7FBA-C1AB-42C4-A535-269F7E38589D}"
EndProject
Project("{FAE04EC0-301F-11D3-BF4B-00C04F79EFBC}") = "Web.ApiGateway", "src\ApiGateways\WebApiGateway\Web.ApiGateway\Web.ApiGateway.csproj", "{70CE9D0F-0677-466B-B495-305785524B61}"
EndProject
Project("{2150E333-8FDC-42A3-9474-1A3956D46DE8}") = "BuildingBlocks", "BuildingBlocks", "{1FFEDDCF-1C8C-480A-B1F9-390815ECDBD2}"
EndProject
Project("{2150E333-8FDC-42A3-9474-1A3956D46DE8}") = "EventBus", "EventBus", "{55EEF171-319D-4204-8F27-CFEB6628CB20}"
EndProject
Project("{FAE04EC0-301F-11D3-BF4B-00C04F79EFBC}") = "EventBus.Base", "src\BuildingBlocks\EventBus\EventBus.Base\EventBus.Base.csproj", "{729EBDFB-899A-43FB-B2F6-588E9C8EF8BC}"
EndProject
Project("{FAE04EC0-301F-11D3-BF4B-00C04F79EFBC}") = "EventBus.Factory", "src\BuildingBlocks\EventBus\EventBus.Factory\EventBus.Factory.csproj", "{527EA038-7FC8-4034-A667-9055768B17DE}"
EndProject
Project("{FAE04EC0-301F-11D3-BF4B-00C04F79EFBC}") = "EventBus.RabbitMQ", "src\BuildingBlocks\EventBus\EventBus.RabbitMQ\EventBus.RabbitMQ.csproj", "{A523AA93-EFC8-4460-8297-156B56F3C320}"
EndProject
Project("{FAE04EC0-301F-11D3-BF4B-00C04F79EFBC}") = "EventBus.AzureServiceBus", "src\BuildingBlocks\EventBus\EventBus.AzureServiceBus\EventBus.AzureServiceBus.csproj", "{0199AA08-0E7F-484A-BD28-DC3729287C97}"
EndProject
Global
	GlobalSection(SolutionConfigurationPlatforms) = preSolution
		Debug|Any CPU = Debug|Any CPU
		Release|Any CPU = Release|Any CPU
	EndGlobalSection
	GlobalSection(ProjectConfigurationPlatforms) = postSolution
		{572309EA-3B10-4CEE-A535-8E893914F4DE}.Debug|Any CPU.ActiveCfg = Debug|Any CPU
		{572309EA-3B10-4CEE-A535-8E893914F4DE}.Debug|Any CPU.Build.0 = Debug|Any CPU
		{572309EA-3B10-4CEE-A535-8E893914F4DE}.Release|Any CPU.ActiveCfg = Release|Any CPU
		{572309EA-3B10-4CEE-A535-8E893914F4DE}.Release|Any CPU.Build.0 = Release|Any CPU
		{6D2BFC78-C1C0-4DBA-AA99-F3A398D16DC3}.Debug|Any CPU.ActiveCfg = Debug|Any CPU
		{6D2BFC78-C1C0-4DBA-AA99-F3A398D16DC3}.Debug|Any CPU.Build.0 = Debug|Any CPU
		{6D2BFC78-C1C0-4DBA-AA99-F3A398D16DC3}.Release|Any CPU.ActiveCfg = Release|Any CPU
		{6D2BFC78-C1C0-4DBA-AA99-F3A398D16DC3}.Release|Any CPU.Build.0 = Release|Any CPU
		{14AC0696-A395-48A9-A3EB-325D9F10E8DF}.Debug|Any CPU.ActiveCfg = Debug|Any CPU
		{14AC0696-A395-48A9-A3EB-325D9F10E8DF}.Debug|Any CPU.Build.0 = Debug|Any CPU
		{14AC0696-A395-48A9-A3EB-325D9F10E8DF}.Release|Any CPU.ActiveCfg = Release|Any CPU
		{14AC0696-A395-48A9-A3EB-325D9F10E8DF}.Release|Any CPU.Build.0 = Release|Any CPU
		{521920A9-53CE-4190-B2D2-8B2F7D052F5C}.Debug|Any CPU.ActiveCfg = Debug|Any CPU
		{521920A9-53CE-4190-B2D2-8B2F7D052F5C}.Debug|Any CPU.Build.0 = Debug|Any CPU
		{521920A9-53CE-4190-B2D2-8B2F7D052F5C}.Release|Any CPU.ActiveCfg = Release|Any CPU
		{521920A9-53CE-4190-B2D2-8B2F7D052F5C}.Release|Any CPU.Build.0 = Release|Any CPU
		{D7A3915B-2C90-47F7-8F11-2C10EE848DAE}.Debug|Any CPU.ActiveCfg = Debug|Any CPU
		{D7A3915B-2C90-47F7-8F11-2C10EE848DAE}.Debug|Any CPU.Build.0 = Debug|Any CPU
		{D7A3915B-2C90-47F7-8F11-2C10EE848DAE}.Release|Any CPU.ActiveCfg = Release|Any CPU
		{D7A3915B-2C90-47F7-8F11-2C10EE848DAE}.Release|Any CPU.Build.0 = Release|Any CPU
		{36F00AC5-2F60-4A22-AAB6-6780F787CDCF}.Debug|Any CPU.ActiveCfg = Debug|Any CPU
		{36F00AC5-2F60-4A22-AAB6-6780F787CDCF}.Debug|Any CPU.Build.0 = Debug|Any CPU
		{36F00AC5-2F60-4A22-AAB6-6780F787CDCF}.Release|Any CPU.ActiveCfg = Release|Any CPU
		{36F00AC5-2F60-4A22-AAB6-6780F787CDCF}.Release|Any CPU.Build.0 = Release|Any CPU
		{70CE9D0F-0677-466B-B495-305785524B61}.Debug|Any CPU.ActiveCfg = Debug|Any CPU
		{70CE9D0F-0677-466B-B495-305785524B61}.Debug|Any CPU.Build.0 = Debug|Any CPU
		{70CE9D0F-0677-466B-B495-305785524B61}.Release|Any CPU.ActiveCfg = Release|Any CPU
		{70CE9D0F-0677-466B-B495-305785524B61}.Release|Any CPU.Build.0 = Release|Any CPU
		{729EBDFB-899A-43FB-B2F6-588E9C8EF8BC}.Debug|Any CPU.ActiveCfg = Debug|Any CPU
		{729EBDFB-899A-43FB-B2F6-588E9C8EF8BC}.Debug|Any CPU.Build.0 = Debug|Any CPU
		{729EBDFB-899A-43FB-B2F6-588E9C8EF8BC}.Release|Any CPU.ActiveCfg = Release|Any CPU
		{729EBDFB-899A-43FB-B2F6-588E9C8EF8BC}.Release|Any CPU.Build.0 = Release|Any CPU
		{527EA038-7FC8-4034-A667-9055768B17DE}.Debug|Any CPU.ActiveCfg = Debug|Any CPU
		{527EA038-7FC8-4034-A667-9055768B17DE}.Debug|Any CPU.Build.0 = Debug|Any CPU
		{527EA038-7FC8-4034-A667-9055768B17DE}.Release|Any CPU.ActiveCfg = Release|Any CPU
		{527EA038-7FC8-4034-A667-9055768B17DE}.Release|Any CPU.Build.0 = Release|Any CPU
		{A523AA93-EFC8-4460-8297-156B56F3C320}.Debug|Any CPU.ActiveCfg = Debug|Any CPU
		{A523AA93-EFC8-4460-8297-156B56F3C320}.Debug|Any CPU.Build.0 = Debug|Any CPU
		{A523AA93-EFC8-4460-8297-156B56F3C320}.Release|Any CPU.ActiveCfg = Release|Any CPU
		{A523AA93-EFC8-4460-8297-156B56F3C320}.Release|Any CPU.Build.0 = Release|Any CPU
		{0199AA08-0E7F-484A-BD28-DC3729287C97}.Debug|Any CPU.ActiveCfg = Debug|Any CPU
		{0199AA08-0E7F-484A-BD28-DC3729287C97}.Debug|Any CPU.Build.0 = Debug|Any CPU
		{0199AA08-0E7F-484A-BD28-DC3729287C97}.Release|Any CPU.ActiveCfg = Release|Any CPU
		{0199AA08-0E7F-484A-BD28-DC3729287C97}.Release|Any CPU.Build.0 = Release|Any CPU
	EndGlobalSection
	GlobalSection(SolutionProperties) = preSolution
		HideSolutionNode = FALSE
	EndGlobalSection
	GlobalSection(NestedProjects) = preSolution
		{81DC4346-2158-4C56-A87B-44518CAC8D24} = {9198C3F9-9D3D-4867-B4F4-F91DC35CFB64}
		{572309EA-3B10-4CEE-A535-8E893914F4DE} = {81DC4346-2158-4C56-A87B-44518CAC8D24}
		{6D2BFC78-C1C0-4DBA-AA99-F3A398D16DC3} = {81DC4346-2158-4C56-A87B-44518CAC8D24}
		{14AC0696-A395-48A9-A3EB-325D9F10E8DF} = {81DC4346-2158-4C56-A87B-44518CAC8D24}
		{521920A9-53CE-4190-B2D2-8B2F7D052F5C} = {81DC4346-2158-4C56-A87B-44518CAC8D24}
		{D7A3915B-2C90-47F7-8F11-2C10EE848DAE} = {4D79167A-A9ED-4B04-B548-015E39B8BB7B}
		{36F00AC5-2F60-4A22-AAB6-6780F787CDCF} = {4281FFD5-A414-441C-9255-0A5637CCADAF}
		{9351A812-7ACD-4C21-89C4-7880EDB37787} = {26798917-9382-4DD1-B8E4-AF546C9CBF0C}
		{2E7C7FBA-C1AB-42C4-A535-269F7E38589D} = {9351A812-7ACD-4C21-89C4-7880EDB37787}
		{70CE9D0F-0677-466B-B495-305785524B61} = {2E7C7FBA-C1AB-42C4-A535-269F7E38589D}
		{1FFEDDCF-1C8C-480A-B1F9-390815ECDBD2} = {26798917-9382-4DD1-B8E4-AF546C9CBF0C}
		{55EEF171-319D-4204-8F27-CFEB6628CB20} = {1FFEDDCF-1C8C-480A-B1F9-390815ECDBD2}
		{729EBDFB-899A-43FB-B2F6-588E9C8EF8BC} = {55EEF171-319D-4204-8F27-CFEB6628CB20}
		{527EA038-7FC8-4034-A667-9055768B17DE} = {55EEF171-319D-4204-8F27-CFEB6628CB20}
		{A523AA93-EFC8-4460-8297-156B56F3C320} = {55EEF171-319D-4204-8F27-CFEB6628CB20}
		{0199AA08-0E7F-484A-BD28-DC3729287C97} = {55EEF171-319D-4204-8F27-CFEB6628CB20}
	EndGlobalSection
	GlobalSection(ExtensibilityGlobals) = postSolution
		SolutionGuid = {97FB00DF-859C-436F-A539-AE21EF6A0D7E}
	EndGlobalSection
EndGlobal
